Microsoft Visual Studio Solution File, Format Version 12.00
# Visual Studio Version 17
VisualStudioVersion = 17.5.2.0
MinimumVisualStudioVersion = 10.0.40219.1
Project("{FAE04EC0-301F-11D3-BF4B-00C04F79EFBC}") = "kindlekeep-api", "kindlekeep-api.csproj", "{69FDFF21-BAA9-FF99-E760-5D6704611E6A}"
EndProject
Global
	GlobalSection(SolutionConfigurationPlatforms) = preSolution
		Debug|Any CPU = Debug|Any CPU
		Release|Any CPU = Release|Any CPU
	EndGlobalSection
	GlobalSection(ProjectConfigurationPlatforms) = postSolution
		{69FDFF21-BAA9-FF99-E760-5D6704611E6A}.Debug|Any CPU.ActiveCfg = Debug|Any CPU
		{69FDFF21-BAA9-FF99-E760-5D6704611E6A}.Debug|Any CPU.Build.0 = Debug|Any CPU
		{69FDFF21-BAA9-FF99-E760-5D6704611E6A}.Release|Any CPU.ActiveCfg = Release|Any CPU
		{69FDFF21-BAA9-FF99-E760-5D6704611E6A}.Release|Any CPU.Build.0 = Release|Any CPU
	EndGlobalSection
	GlobalSection(SolutionProperties) = preSolution
		HideSolutionNode = FALSE
	EndGlobalSection
	GlobalSection(ExtensibilityGlobals) = postSolution
		SolutionGuid = {96753438-AA66-4D6F-A966-AD3E2D8E01F9}
	EndGlobalSection
EndGlobal
